PODS:
  - Alamofire (5.6.4)
  - FSPagerView (0.8.3)
  - Kingfisher (7.5.0)
  - Realm (10.34.1):
    - Realm/Headers (= 10.34.1)
  - Realm/Headers (10.34.1)
  - RealmSwift (10.34.1):
    - Realm (= 10.34.1)

DEPENDENCIES:
  - Alamofire
  - FSPagerView
  - Kingfisher
  - RealmSwift

SPEC REPOS:
  trunk:
    - Alamofire
    - FSPagerView
    - Kingfisher
    - Realm
    - RealmSwift

SPEC CHECKSUMS:
  Alamofire: 4e95d97098eacb88856099c4fc79b526a299e48c
  FSPagerView: 670405b2f18e2a87fa37f20b00de783e562c25a8
  Kingfisher: b9c2a4a4af2990a768445c277359b27bde287d71
  Realm: fe824cd5b183cd55a50a6bcb4bce3ac1650e60b6
  RealmSwift: c7f668f82982fc8b62366b78b8dc761f15141df6

PODFILE CHECKSUM: dbd337a8e19142834ff08f83656173defdec30b2

COCOAPODS: 1.11.3
